
Microsoft Visual Studio Solution File, Format Version 12.00
# Visual Studio 2015
Project("{FAE04EC0-301F-11D3-BF4B-00C04F79EFBC}") = "ARFinalProject.Plugins", "ARFinalProject.Plugins.csproj", "{AE102B3B-D2CD-F103-A8CD-6661EF3CE42C}"
EndProject
Project("{FAE04EC0-301F-11D3-BF4B-00C04F79EFBC}") = "ARFinalProject", "ARFinalProject.csproj", "{7FA66AD1-45B6-F01D-A9B9-7DA92EE95E88}"
EndProject
Project("{FAE04EC0-301F-11D3-BF4B-00C04F79EFBC}") = "ARFinalProject.Editor.Plugins", "ARFinalProject.Editor.Plugins.csproj", "{4A033720-EA91-5168-DA1F-9624F3CFA9C4}"
EndProject
Project("{FAE04EC0-301F-11D3-BF4B-00C04F79EFBC}") = "ARFinalProject.Editor", "ARFinalProject.Editor.csproj", "{5F4EEA4A-6212-AABD-FBE3-E6E2F2CA477D}"
EndProject
Global
	GlobalSection(SolutionConfigurationPlatforms) = preSolution
		Debug|Any CPU = Debug|Any CPU
		Release|Any CPU = Release|Any CPU
	EndGlobalSection
	GlobalSection(ProjectConfigurationPlatforms) = postSolution
		{AE102B3B-D2CD-F103-A8CD-6661EF3CE42C}.Debug|Any CPU.ActiveCfg = Debug|Any CPU
		{AE102B3B-D2CD-F103-A8CD-6661EF3CE42C}.Debug|Any CPU.Build.0 = Debug|Any CPU
		{AE102B3B-D2CD-F103-A8CD-6661EF3CE42C}.Release|Any CPU.ActiveCfg = Release|Any CPU
		{AE102B3B-D2CD-F103-A8CD-6661EF3CE42C}.Release|Any CPU.Build.0 = Release|Any CPU
		{7FA66AD1-45B6-F01D-A9B9-7DA92EE95E88}.Debug|Any CPU.ActiveCfg = Debug|Any CPU
		{7FA66AD1-45B6-F01D-A9B9-7DA92EE95E88}.Debug|Any CPU.Build.0 = Debug|Any CPU
		{7FA66AD1-45B6-F01D-A9B9-7DA92EE95E88}.Release|Any CPU.ActiveCfg = Release|Any CPU
		{7FA66AD1-45B6-F01D-A9B9-7DA92EE95E88}.Release|Any CPU.Build.0 = Release|Any CPU
		{4A033720-EA91-5168-DA1F-9624F3CFA9C4}.Debug|Any CPU.ActiveCfg = Debug|Any CPU
		{4A033720-EA91-5168-DA1F-9624F3CFA9C4}.Debug|Any CPU.Build.0 = Debug|Any CPU
		{4A033720-EA91-5168-DA1F-9624F3CFA9C4}.Release|Any CPU.ActiveCfg = Release|Any CPU
		{4A033720-EA91-5168-DA1F-9624F3CFA9C4}.Release|Any CPU.Build.0 = Release|Any CPU
		{5F4EEA4A-6212-AABD-FBE3-E6E2F2CA477D}.Debug|Any CPU.ActiveCfg = Debug|Any CPU
		{5F4EEA4A-6212-AABD-FBE3-E6E2F2CA477D}.Debug|Any CPU.Build.0 = Debug|Any CPU
		{5F4EEA4A-6212-AABD-FBE3-E6E2F2CA477D}.Release|Any CPU.ActiveCfg = Release|Any CPU
		{5F4EEA4A-6212-AABD-FBE3-E6E2F2CA477D}.Release|Any CPU.Build.0 = Release|Any CPU
	EndGlobalSection
	GlobalSection(SolutionProperties) = preSolution
		HideSolutionNode = FALSE
	EndGlobalSection
EndGlobal
