
Microsoft Visual Studio Solution File, Format Version 11.00
# Visual Studio 2010
Project("{FAE04EC0-301F-11D3-BF4B-00C04F79EFBC}") = "ARFinalProject", "Assembly-CSharp-firstpass.csproj", "{31E73FA5-DAB6-C404-BF7C-BFBBA924E815}"
EndProject
Project("{FAE04EC0-301F-11D3-BF4B-00C04F79EFBC}") = "ARFinalProject", "Assembly-CSharp.csproj", "{68C5E008-B0E2-03E0-0B44-422794066121}"
EndProject
Project("{FAE04EC0-301F-11D3-BF4B-00C04F79EFBC}") = "ARFinalProject", "Assembly-CSharp-Editor-firstpass.csproj", "{BA5BA767-D361-1824-F993-B4F6FB92A42A}"
EndProject
Project("{FAE04EC0-301F-11D3-BF4B-00C04F79EFBC}") = "ARFinalProject", "Assembly-CSharp-Editor.csproj", "{E33CA65B-EB18-4915-D754-C5A726F34AD5}"
EndProject
Global
	GlobalSection(SolutionConfigurationPlatforms) = preSolution
		Debug|Any CPU = Debug|Any CPU
		Release|Any CPU = Release|Any CPU
	EndGlobalSection
	GlobalSection(ProjectConfigurationPlatforms) = postSolution
		{31E73FA5-DAB6-C404-BF7C-BFBBA924E815}.Debug|Any CPU.ActiveCfg = Debug|Any CPU
		{31E73FA5-DAB6-C404-BF7C-BFBBA924E815}.Debug|Any CPU.Build.0 = Debug|Any CPU
		{31E73FA5-DAB6-C404-BF7C-BFBBA924E815}.Release|Any CPU.ActiveCfg = Release|Any CPU
		{31E73FA5-DAB6-C404-BF7C-BFBBA924E815}.Release|Any CPU.Build.0 = Release|Any CPU
		{68C5E008-B0E2-03E0-0B44-422794066121}.Debug|Any CPU.ActiveCfg = Debug|Any CPU
		{68C5E008-B0E2-03E0-0B44-422794066121}.Debug|Any CPU.Build.0 = Debug|Any CPU
		{68C5E008-B0E2-03E0-0B44-422794066121}.Release|Any CPU.ActiveCfg = Release|Any CPU
		{68C5E008-B0E2-03E0-0B44-422794066121}.Release|Any CPU.Build.0 = Release|Any CPU
		{BA5BA767-D361-1824-F993-B4F6FB92A42A}.Debug|Any CPU.ActiveCfg = Debug|Any CPU
		{BA5BA767-D361-1824-F993-B4F6FB92A42A}.Debug|Any CPU.Build.0 = Debug|Any CPU
		{BA5BA767-D361-1824-F993-B4F6FB92A42A}.Release|Any CPU.ActiveCfg = Release|Any CPU
		{BA5BA767-D361-1824-F993-B4F6FB92A42A}.Release|Any CPU.Build.0 = Release|Any CPU
		{E33CA65B-EB18-4915-D754-C5A726F34AD5}.Debug|Any CPU.ActiveCfg = Debug|Any CPU
		{E33CA65B-EB18-4915-D754-C5A726F34AD5}.Debug|Any CPU.Build.0 = Debug|Any CPU
		{E33CA65B-EB18-4915-D754-C5A726F34AD5}.Release|Any CPU.ActiveCfg = Release|Any CPU
		{E33CA65B-EB18-4915-D754-C5A726F34AD5}.Release|Any CPU.Build.0 = Release|Any CPU
	EndGlobalSection
	GlobalSection(SolutionProperties) = preSolution
		HideSolutionNode = FALSE
	EndGlobalSection
	GlobalSection(MonoDevelopProperties) = preSolution
		StartupItem = Assembly-CSharp.csproj
	EndGlobalSection
EndGlobal
